// !$*UTF8*$!
{
	archiveVersion = 1;
	classes = {
	};
	objectVersion = 51;
	objects = {

/* Begin PBXBuildFile section */
		66B7C0480004A8D544DD934F /* Pods_movieTender.framework in Frameworks */ = {isa = PBXBuildFile; fileRef = CF1F16F8E989DD2D73F02031 /* Pods_movieTender.framework */; };
		AC4F5AF324B4050A002F1698 /* AppDelegate.swift in Sources */ = {isa = PBXBuildFile; fileRef = AC4F5AF224B4050A002F1698 /* AppDelegate.swift */; };
		AC4F5AF524B4050A002F1698 /* SceneDelegate.swift in Sources */ = {isa = PBXBuildFile; fileRef = AC4F5AF424B4050A002F1698 /* SceneDelegate.swift */; };
		AC4F5AF724B4050A002F1698 /* TutorialViewController.swift in Sources */ = {isa = PBXBuildFile; fileRef = AC4F5AF624B4050A002F1698 /* TutorialViewController.swift */; };
		AC4F5AFC24B4050B002F1698 /* Assets.xcassets in Resources */ = {isa = PBXBuildFile; fileRef = AC4F5AFB24B4050B002F1698 /* Assets.xcassets */; };
		AC4F5AFF24B4050B002F1698 /* LaunchScreen.storyboard in Resources */ = {isa = PBXBuildFile; fileRef = AC4F5AFD24B4050B002F1698 /* LaunchScreen.storyboard */; };
		AC6E31BD24B4183800305FA5 /* TutorialViewController.storyboard in Resources */ = {isa = PBXBuildFile; fileRef = AC6E31BC24B4183800305FA5 /* TutorialViewController.storyboard */; };
		AC6E31C024B43FE300305FA5 /* rotate.json in Resources */ = {isa = PBXBuildFile; fileRef = AC6E31BF24B43FE300305FA5 /* rotate.json */; };
		AC6E31C224B43FF400305FA5 /* movie.json in Resources */ = {isa = PBXBuildFile; fileRef = AC6E31C124B43FF400305FA5 /* movie.json */; };
		AC6E31C424B453C300305FA5 /* MainViewController.swift in Sources */ = {isa = PBXBuildFile; fileRef = AC6E31C324B453C300305FA5 /* MainViewController.swift */; };
		AC6E31C624B453E400305FA5 /* MainViewController.storyboard in Resources */ = {isa = PBXBuildFile; fileRef = AC6E31C524B453E400305FA5 /* MainViewController.storyboard */; };
		AC6E31C824B45A1D00305FA5 /* TrendViewController.swift in Sources */ = {isa = PBXBuildFile; fileRef = AC6E31C724B45A1D00305FA5 /* TrendViewController.swift */; };
		AC6E31CA24B45A3C00305FA5 /* FavoriteListViewController.swift in Sources */ = {isa = PBXBuildFile; fileRef = AC6E31C924B45A3C00305FA5 /* FavoriteListViewController.swift */; };
		AC6E31CC24B45FA700305FA5 /* FaceTrackerModel.swift in Sources */ = {isa = PBXBuildFile; fileRef = AC6E31CB24B45FA700305FA5 /* FaceTrackerModel.swift */; };
		AC7CFB9124B4B23400FBF95F /* moveButton.json in Resources */ = {isa = PBXBuildFile; fileRef = AC7CFB9024B4B23400FBF95F /* moveButton.json */; };
		AC7CFB9424B4B7CD00FBF95F /* UIPageViewController.extension.swift in Sources */ = {isa = PBXBuildFile; fileRef = AC7CFB9324B4B7CD00FBF95F /* UIPageViewController.extension.swift */; };
		AC7CFB9624B4C0F200FBF95F /* feeling.mlmodel in Sources */ = {isa = PBXBuildFile; fileRef = AC7CFB9524B4C0F200FBF95F /* feeling.mlmodel */; };
		AC7CFB9824B4C12600FBF95F /* CGRect.extension.swift in Sources */ = {isa = PBXBuildFile; fileRef = AC7CFB9724B4C12600FBF95F /* CGRect.extension.swift */; };
		AC7CFB9A24B4CCB500FBF95F /* analysis.json in Resources */ = {isa = PBXBuildFile; fileRef = AC7CFB9924B4CCB500FBF95F /* analysis.json */; };
		AC7CFB9D24B59E3800FBF95F /* Enum.swift in Sources */ = {isa = PBXBuildFile; fileRef = AC7CFB9C24B59E3800FBF95F /* Enum.swift */; };
		AC7CFB9F24B5AA7300FBF95F /* TMDBResponseModel.swift in Sources */ = {isa = PBXBuildFile; fileRef = AC7CFB9E24B5AA7300FBF95F /* TMDBResponseModel.swift */; };
		AC7CFBA124B5AB5A00FBF95F /* ActorModel.swift in Sources */ = {isa = PBXBuildFile; fileRef = AC7CFBA024B5AB5A00FBF95F /* ActorModel.swift */; };
/* End PBXBuildFile section */

/* Begin PBXFileReference section */
		AC4F5AEF24B4050A002F1698 /* movieTender.app */ = {isa = PBXFileReference; explicitFileType = wrapper.application; includeInIndex = 0; path = movieTender.app; sourceTree = BUILT_PRODUCTS_DIR; };
		AC4F5AF224B4050A002F1698 /* AppDelegate.swift */ = {isa = PBXFileReference; lastKnownFileType = sourcecode.swift; path = AppDelegate.swift; sourceTree = "<group>"; };
		AC4F5AF424B4050A002F1698 /* SceneDelegate.swift */ = {isa = PBXFileReference; lastKnownFileType = sourcecode.swift; path = SceneDelegate.swift; sourceTree = "<group>"; };
		AC4F5AF624B4050A002F1698 /* TutorialViewController.swift */ = {isa = PBXFileReference; lastKnownFileType = sourcecode.swift; path = TutorialViewController.swift; sourceTree = "<group>"; };
		AC4F5AFB24B4050B002F1698 /* Assets.xcassets */ = {isa = PBXFileReference; lastKnownFileType = folder.assetcatalog; path = Assets.xcassets; sourceTree = "<group>"; };
		AC4F5AFE24B4050B002F1698 /* Base */ = {isa = PBXFileReference; lastKnownFileType = file.storyboard; name = Base; path = Base.lproj/LaunchScreen.storyboard; sourceTree = "<group>"; };
		AC4F5B0024B4050B002F1698 /* Info.plist */ = {isa = PBXFileReference; lastKnownFileType = text.plist.xml; path = Info.plist; sourceTree = "<group>"; };
		AC6E31BC24B4183800305FA5 /* TutorialViewController.storyboard */ = {isa = PBXFileReference; lastKnownFileType = file.storyboard; path = TutorialViewController.storyboard; sourceTree = "<group>"; };
		AC6E31BF24B43FE300305FA5 /* rotate.json */ = {isa = PBXFileReference; fileEncoding = 4; lastKnownFileType = text.json; path = rotate.json; sourceTree = "<group>"; };
		AC6E31C124B43FF400305FA5 /* movie.json */ = {isa = PBXFileReference; fileEncoding = 4; lastKnownFileType = text.json; path = movie.json; sourceTree = "<group>"; };
		AC6E31C324B453C300305FA5 /* MainViewController.swift */ = {isa = PBXFileReference; lastKnownFileType = sourcecode.swift; path = MainViewController.swift; sourceTree = "<group>"; };
		AC6E31C524B453E400305FA5 /* MainViewController.storyboard */ = {isa = PBXFileReference; lastKnownFileType = file.storyboard; path = MainViewController.storyboard; sourceTree = "<group>"; };
		AC6E31C724B45A1D00305FA5 /* TrendViewController.swift */ = {isa = PBXFileReference; lastKnownFileType = sourcecode.swift; path = TrendViewController.swift; sourceTree = "<group>"; };
		AC6E31C924B45A3C00305FA5 /* FavoriteListViewController.swift */ = {isa = PBXFileReference; lastKnownFileType = sourcecode.swift; path = FavoriteListViewController.swift; sourceTree = "<group>"; };
		AC6E31CB24B45FA700305FA5 /* FaceTrackerModel.swift */ = {isa = PBXFileReference; lastKnownFileType = sourcecode.swift; path = FaceTrackerModel.swift; sourceTree = "<group>"; };
		AC7CFB9024B4B23400FBF95F /* moveButton.json */ = {isa = PBXFileReference; fileEncoding = 4; lastKnownFileType = text.json; name = moveButton.json; path = ../../../moveButton.json; sourceTree = "<group>"; };
		AC7CFB9324B4B7CD00FBF95F /* UIPageViewController.extension.swift */ = {isa = PBXFileReference; lastKnownFileType = sourcecode.swift; path = UIPageViewController.extension.swift; sourceTree = "<group>"; };
		AC7CFB9524B4C0F200FBF95F /* feeling.mlmodel */ = {isa = PBXFileReference; lastKnownFileType = file.mlmodel; path = feeling.mlmodel; sourceTree = "<group>"; };
		AC7CFB9724B4C12600FBF95F /* CGRect.extension.swift */ = {isa = PBXFileReference; lastKnownFileType = sourcecode.swift; path = CGRect.extension.swift; sourceTree = "<group>"; };
		AC7CFB9924B4CCB500FBF95F /* analysis.json */ = {isa = PBXFileReference; fileEncoding = 4; lastKnownFileType = text.json; path = analysis.json; sourceTree = "<group>"; };
		AC7CFB9C24B59E3800FBF95F /* Enum.swift */ = {isa = PBXFileReference; lastKnownFileType = sourcecode.swift; path = Enum.swift; sourceTree = "<group>"; };
		AC7CFB9E24B5AA7300FBF95F /* TMDBResponseModel.swift */ = {isa = PBXFileReference; lastKnownFileType = sourcecode.swift; path = TMDBResponseModel.swift; sourceTree = "<group>"; };
		AC7CFBA024B5AB5A00FBF95F /* ActorModel.swift */ = {isa = PBXFileReference; lastKnownFileType = sourcecode.swift; path = ActorModel.swift; sourceTree = "<group>"; };
		CF1F16F8E989DD2D73F02031 /* Pods_movieTender.framework */ = {isa = PBXFileReference; explicitFileType = wrapper.framework; includeInIndex = 0; path = Pods_movieTender.framework; sourceTree = BUILT_PRODUCTS_DIR; };
		D1716E0702D456CC19F83F17 /* Pods-movieTender.release.xcconfig */ = {isa = PBXFileReference; includeInIndex = 1; lastKnownFileType = text.xcconfig; name = "Pods-movieTender.release.xcconfig"; path = "Target Support Files/Pods-movieTender/Pods-movieTender.release.xcconfig"; sourceTree = "<group>"; };
		D37D71D0C930FD977852A2CE /* Pods-movieTender.debug.xcconfig */ = {isa = PBXFileReference; includeInIndex = 1; lastKnownFileType = text.xcconfig; name = "Pods-movieTender.debug.xcconfig"; path = "Target Support Files/Pods-movieTender/Pods-movieTender.debug.xcconfig"; sourceTree = "<group>"; };
/* End PBXFileReference section */

/* Begin PBXFrameworksBuildPhase section */
		AC4F5AEC24B4050A002F1698 /* Frameworks */ = {
			isa = PBXFrameworksBuildPhase;
			buildActionMask = 2147483647;
			files = (
				66B7C0480004A8D544DD934F /* Pods_movieTender.framework in Frameworks */,
			);
			runOnlyForDeploymentPostprocessing = 0;
		};
/* End PBXFrameworksBuildPhase section */

/* Begin PBXGroup section */
		5BA53E5727B5FD2932978FFD /* Frameworks */ = {
			isa = PBXGroup;
			children = (
				CF1F16F8E989DD2D73F02031 /* Pods_movieTender.framework */,
			);
			name = Frameworks;
			sourceTree = "<group>";
		};
		87E6C076FC8379B5CDDE6EB6 /* Pods */ = {
			isa = PBXGroup;
			children = (
				D37D71D0C930FD977852A2CE /* Pods-movieTender.debug.xcconfig */,
				D1716E0702D456CC19F83F17 /* Pods-movieTender.release.xcconfig */,
			);
			path = Pods;
			sourceTree = "<group>";
		};
		AC4F5AE624B40509002F1698 = {
			isa = PBXGroup;
			children = (
				AC4F5AF124B4050A002F1698 /* movieTender */,
				AC4F5AF024B4050A002F1698 /* Products */,
				87E6C076FC8379B5CDDE6EB6 /* Pods */,
				5BA53E5727B5FD2932978FFD /* Frameworks */,
			);
			sourceTree = "<group>";
		};
		AC4F5AF024B4050A002F1698 /* Products */ = {
			isa = PBXGroup;
			children = (
				AC4F5AEF24B4050A002F1698 /* movieTender.app */,
			);
			name = Products;
			sourceTree = "<group>";
		};
		AC4F5AF124B4050A002F1698 /* movieTender */ = {
			isa = PBXGroup;
			children = (
				AC7CFB9B24B59E2600FBF95F /* Enum */,
				AC7CFB9224B4B7B100FBF95F /* Extensions */,
				AC6E31BE24B43FD600305FA5 /* Lottie */,
				AC698ABB24B4139A00FD0DBF /* Delegate */,
				AC698ABC24B413BD00FD0DBF /* Model */,
				AC698AB924B4136300FD0DBF /* Controller */,
				AC698ABA24B4137F00FD0DBF /* Storyboard */,
				AC4F5AFB24B4050B002F1698 /* Assets.xcassets */,
				AC7CFB9524B4C0F200FBF95F /* feeling.mlmodel */,
				AC4F5B0024B4050B002F1698 /* Info.plist */,
			);
			path = movieTender;
			sourceTree = "<group>";
		};
		AC698AB924B4136300FD0DBF /* Controller */ = {
			isa = PBXGroup;
			children = (
				AC6E31CD24B4A9E800305FA5 /* MainController */,
				AC4F5AF624B4050A002F1698 /* TutorialViewController.swift */,
			);
			path = Controller;
			sourceTree = "<group>";
		};
		AC698ABA24B4137F00FD0DBF /* Storyboard */ = {
			isa = PBXGroup;
			children = (
				AC4F5AFD24B4050B002F1698 /* LaunchScreen.storyboard */,
				AC6E31BC24B4183800305FA5 /* TutorialViewController.storyboard */,
				AC6E31C524B453E400305FA5 /* MainViewController.storyboard */,
			);
			path = Storyboard;
			sourceTree = "<group>";
		};
		AC698ABB24B4139A00FD0DBF /* Delegate */ = {
			isa = PBXGroup;
			children = (
				AC4F5AF224B4050A002F1698 /* AppDelegate.swift */,
				AC4F5AF424B4050A002F1698 /* SceneDelegate.swift */,
			);
			path = Delegate;
			sourceTree = "<group>";
		};
		AC698ABC24B413BD00FD0DBF /* Model */ = {
			isa = PBXGroup;
			children = (
				AC6E31CB24B45FA700305FA5 /* FaceTrackerModel.swift */,
				AC7CFB9E24B5AA7300FBF95F /* TMDBResponseModel.swift */,
				AC7CFBA024B5AB5A00FBF95F /* ActorModel.swift */,
			);
			path = Model;
			sourceTree = "<group>";
		};
		AC6E31BE24B43FD600305FA5 /* Lottie */ = {
			isa = PBXGroup;
			children = (
				AC7CFB9924B4CCB500FBF95F /* analysis.json */,
				AC7CFB9024B4B23400FBF95F /* moveButton.json */,
				AC6E31BF24B43FE300305FA5 /* rotate.json */,
				AC6E31C124B43FF400305FA5 /* movie.json */,
			);
			path = Lottie;
			sourceTree = "<group>";
		};
		AC6E31CD24B4A9E800305FA5 /* MainController */ = {
			isa = PBXGroup;
			children = (
				AC6E31C324B453C300305FA5 /* MainViewController.swift */,
				AC6E31C724B45A1D00305FA5 /* TrendViewController.swift */,
				AC6E31C924B45A3C00305FA5 /* FavoriteListViewController.swift */,
			);
			path = MainController;
			sourceTree = "<group>";
		};
		AC7CFB9224B4B7B100FBF95F /* Extensions */ = {
			isa = PBXGroup;
			children = (
				AC7CFB9324B4B7CD00FBF95F /* UIPageViewController.extension.swift */,
				AC7CFB9724B4C12600FBF95F /* CGRect.extension.swift */,
			);
			path = Extensions;
			sourceTree = "<group>";
		};
		AC7CFB9B24B59E2600FBF95F /* Enum */ = {
			isa = PBXGroup;
			children = (
				AC7CFB9C24B59E3800FBF95F /* Enum.swift */,
			);
			path = Enum;
			sourceTree = "<group>";
		};
/* End PBXGroup section */

/* Begin PBXNativeTarget section */
		AC4F5AEE24B4050A002F1698 /* movieTender */ = {
			isa = PBXNativeTarget;
			buildConfigurationList = AC4F5B0324B4050B002F1698 /* Build configuration list for PBXNativeTarget "movieTender" */;
			buildPhases = (
				71149652E4CA383723664E1A /* [CP] Check Pods Manifest.lock */,
				AC4F5AEB24B4050A002F1698 /* Sources */,
				AC4F5AEC24B4050A002F1698 /* Frameworks */,
				AC4F5AED24B4050A002F1698 /* Resources */,
				AC4F5B0624B40760002F1698 /* ShellScript */,
				06F5542E4B5A8F41470E2DB9 /* [CP] Embed Pods Frameworks */,
			);
			buildRules = (
			);
			dependencies = (
			);
			name = movieTender;
			productName = movieTender;
			productReference = AC4F5AEF24B4050A002F1698 /* movieTender.app */;
			productType = "com.apple.product-type.application";
		};
/* End PBXNativeTarget section */

/* Begin PBXProject section */
		AC4F5AE724B40509002F1698 /* Project object */ = {
			isa = PBXProject;
			attributes = {
				LastSwiftUpdateCheck = 1150;
				LastUpgradeCheck = 1150;
				ORGANIZATIONNAME = "岩男高史";
				TargetAttributes = {
					AC4F5AEE24B4050A002F1698 = {
						CreatedOnToolsVersion = 11.5;
					};
				};
			};
			buildConfigurationList = AC4F5AEA24B40509002F1698 /* Build configuration list for PBXProject "movieTender" */;
			compatibilityVersion = "Xcode 9.3";
			developmentRegion = en;
			hasScannedForEncodings = 0;
			knownRegions = (
				en,
				Base,
			);
			mainGroup = AC4F5AE624B40509002F1698;
			productRefGroup = AC4F5AF024B4050A002F1698 /* Products */;
			projectDirPath = "";
			projectRoot = "";
			targets = (
				AC4F5AEE24B4050A002F1698 /* movieTender */,
			);
		};
/* End PBXProject section */

/* Begin PBXResourcesBuildPhase section */
		AC4F5AED24B4050A002F1698 /* Resources */ = {
			isa = PBXResourcesBuildPhase;
			buildActionMask = 2147483647;
			files = (
				AC4F5AFF24B4050B002F1698 /* LaunchScreen.storyboard in Resources */,
				AC7CFB9A24B4CCB500FBF95F /* analysis.json in Resources */,
				AC6E31C224B43FF400305FA5 /* movie.json in Resources */,
				AC7CFB9124B4B23400FBF95F /* moveButton.json in Resources */,
				AC6E31BD24B4183800305FA5 /* TutorialViewController.storyboard in Resources */,
				AC6E31C024B43FE300305FA5 /* rotate.json in Resources */,
				AC6E31C624B453E400305FA5 /* MainViewController.storyboard in Resources */,
				AC4F5AFC24B4050B002F1698 /* Assets.xcassets in Resources */,
			);
			runOnlyForDeploymentPostprocessing = 0;
		};
/* End PBXResourcesBuildPhase section */

/* Begin PBXShellScriptBuildPhase section */
		06F5542E4B5A8F41470E2DB9 /* [CP] Embed Pods Frameworks */ = {
			isa = PBXShellScriptBuildPhase;
			buildActionMask = 2147483647;
			files = (
			);
			inputFileListPaths = (
				"${PODS_ROOT}/Target Support Files/Pods-movieTender/Pods-movieTender-frameworks-${CONFIGURATION}-input-files.xcfilelist",
			);
			name = "[CP] Embed Pods Frameworks";
			outputFileListPaths = (
				"${PODS_ROOT}/Target Support Files/Pods-movieTender/Pods-movieTender-frameworks-${CONFIGURATION}-output-files.xcfilelist",
			);
			runOnlyForDeploymentPostprocessing = 0;
			shellPath = /bin/sh;
			shellScript = "\"${PODS_ROOT}/Target Support Files/Pods-movieTender/Pods-movieTender-frameworks.sh\"\n";
			showEnvVarsInLog = 0;
		};
		71149652E4CA383723664E1A /* [CP] Check Pods Manifest.lock */ = {
			isa = PBXShellScriptBuildPhase;
			buildActionMask = 2147483647;
			files = (
			);
			inputFileListPaths = (
			);
			inputPaths = (
				"${PODS_PODFILE_DIR_PATH}/Podfile.lock",
				"${PODS_ROOT}/Manifest.lock",
			);
			name = "[CP] Check Pods Manifest.lock";
			outputFileListPaths = (
			);
			outputPaths = (
				"$(DERIVED_FILE_DIR)/Pods-movieTender-checkManifestLockResult.txt",
			);
			runOnlyForDeploymentPostprocessing = 0;
			shellPath = /bin/sh;
			shellScript = "diff \"${PODS_PODFILE_DIR_PATH}/Podfile.lock\" \"${PODS_ROOT}/Manifest.lock\" > /dev/null\nif [ $? != 0 ] ; then\n    # print error to STDERR\n    echo \"error: The sandbox is not in sync with the Podfile.lock. Run 'pod install' or update your CocoaPods installation.\" >&2\n    exit 1\nfi\n# This output is used by Xcode 'outputs' to avoid re-running this script phase.\necho \"SUCCESS\" > \"${SCRIPT_OUTPUT_FILE_0}\"\n";
			showEnvVarsInLog = 0;
		};
		AC4F5B0624B40760002F1698 /* ShellScript */ = {
			isa = PBXShellScriptBuildPhase;
			buildActionMask = 2147483647;
			files = (
			);
			inputFileListPaths = (
			);
			inputPaths = (
			);
			outputFileListPaths = (
			);
			outputPaths = (
			);
			runOnlyForDeploymentPostprocessing = 0;
			shellPath = /bin/sh;
			shellScript = "if which swiftlint >/dev/null; then\n  swiftlint autocorrect --format\n  swiftlint\nelse\n  echo \"warning: SwiftLint not installed, download from https://github.com/realm/SwiftLint\"\nfi\n";
		};
/* End PBXShellScriptBuildPhase section */

/* Begin PBXSourcesBuildPhase section */
		AC4F5AEB24B4050A002F1698 /* Sources */ = {
			isa = PBXSourcesBuildPhase;
			buildActionMask = 2147483647;
			files = (
				AC7CFB9824B4C12600FBF95F /* CGRect.extension.swift in Sources */,
				AC7CFB9F24B5AA7300FBF95F /* TMDBResponseModel.swift in Sources */,
				AC7CFBA124B5AB5A00FBF95F /* ActorModel.swift in Sources */,
				AC7CFB9D24B59E3800FBF95F /* Enum.swift in Sources */,
				AC4F5AF724B4050A002F1698 /* TutorialViewController.swift in Sources */,
				AC6E31CC24B45FA700305FA5 /* FaceTrackerModel.swift in Sources */,
				AC7CFB9624B4C0F200FBF95F /* feeling.mlmodel in Sources */,
				AC4F5AF324B4050A002F1698 /* AppDelegate.swift in Sources */,
				AC6E31CA24B45A3C00305FA5 /* FavoriteListViewController.swift in Sources */,
				AC7CFB9424B4B7CD00FBF95F /* UIPageViewController.extension.swift in Sources */,
				AC6E31C824B45A1D00305FA5 /* TrendViewController.swift in Sources */,
				AC6E31C424B453C300305FA5 /* MainViewController.swift in Sources */,
				AC4F5AF524B4050A002F1698 /* SceneDelegate.swift in Sources */,
			);
			runOnlyForDeploymentPostprocessing = 0;
		};
/* End PBXSourcesBuildPhase section */

/* Begin PBXVariantGroup section */
		AC4F5AFD24B4050B002F1698 /* LaunchScreen.storyboard */ = {
			isa = PBXVariantGroup;
			children = (
				AC4F5AFE24B4050B002F1698 /* Base */,
			);
			name = LaunchScreen.storyboard;
			sourceTree = "<group>";
		};
/* End PBXVariantGroup section */

/* Begin XCBuildConfiguration section */
		AC4F5B0124B4050B002F1698 /* Debug */ = {
			isa = XCBuildConfiguration;
			buildSettings = {
				ALWAYS_SEARCH_USER_PATHS = NO;
				CLANG_ANALYZER_NONNULL = YES;
				CLANG_ANALYZER_NUMBER_OBJECT_CONVERSION = YES_AGGRESSIVE;
				CLANG_CXX_LANGUAGE_STANDARD = "gnu++14";
				CLANG_CXX_LIBRARY = "libc++";
				CLANG_ENABLE_MODULES = YES;
				CLANG_ENABLE_OBJC_ARC = YES;
				CLANG_ENABLE_OBJC_WEAK = YES;
				CLANG_WARN_BLOCK_CAPTURE_AUTORELEASING = YES;
				CLANG_WARN_BOOL_CONVERSION = YES;
				CLANG_WARN_COMMA = YES;
				CLANG_WARN_CONSTANT_CONVERSION = YES;
				CLANG_WARN_DEPRECATED_OBJC_IMPLEMENTATIONS = YES;
				CLANG_WARN_DIRECT_OBJC_ISA_USAGE = YES_ERROR;
				CLANG_WARN_DOCUMENTATION_COMMENTS = YES;
				CLANG_WARN_EMPTY_BODY = YES;
				CLANG_WARN_ENUM_CONVERSION = YES;
				CLANG_WARN_INFINITE_RECURSION = YES;
				CLANG_WARN_INT_CONVERSION = YES;
				CLANG_WARN_NON_LITERAL_NULL_CONVERSION = YES;
				CLANG_WARN_OBJC_IMPLICIT_RETAIN_SELF = YES;
				CLANG_WARN_OBJC_LITERAL_CONVERSION = YES;
				CLANG_WARN_OBJC_ROOT_CLASS = YES_ERROR;
				CLANG_WARN_RANGE_LOOP_ANALYSIS = YES;
				CLANG_WARN_STRICT_PROTOTYPES = YES;
				CLANG_WARN_SUSPICIOUS_MOVE = YES;
				CLANG_WARN_UNGUARDED_AVAILABILITY = YES_AGGRESSIVE;
				CLANG_WARN_UNREACHABLE_CODE = YES;
				CLANG_WARN__DUPLICATE_METHOD_MATCH = YES;
				COPY_PHASE_STRIP = NO;
				DEBUG_INFORMATION_FORMAT = dwarf;
				ENABLE_STRICT_OBJC_MSGSEND = YES;
				ENABLE_TESTABILITY = YES;
				GCC_C_LANGUAGE_STANDARD = gnu11;
				GCC_DYNAMIC_NO_PIC = NO;
				GCC_NO_COMMON_BLOCKS = YES;
				GCC_OPTIMIZATION_LEVEL = 0;
				GCC_PREPROCESSOR_DEFINITIONS = (
					"DEBUG=1",
					"$(inherited)",
				);
				GCC_WARN_64_TO_32_BIT_CONVERSION = YES;
				GCC_WARN_ABOUT_RETURN_TYPE = YES_ERROR;
				GCC_WARN_UNDECLARED_SELECTOR = YES;
				GCC_WARN_UNINITIALIZED_AUTOS = YES_AGGRESSIVE;
				GCC_WARN_UNUSED_FUNCTION = YES;
				GCC_WARN_UNUSED_VARIABLE = YES;
				IPHONEOS_DEPLOYMENT_TARGET = 13.5;
				MTL_ENABLE_DEBUG_INFO = INCLUDE_SOURCE;
				MTL_FAST_MATH = YES;
				ONLY_ACTIVE_ARCH = YES;
				SDKROOT = iphoneos;
				SWIFT_ACTIVE_COMPILATION_CONDITIONS = DEBUG;
				SWIFT_OPTIMIZATION_LEVEL = "-Onone";
			};
			name = Debug;
		};
		AC4F5B0224B4050B002F1698 /* Release */ = {
			isa = XCBuildConfiguration;
			buildSettings = {
				ALWAYS_SEARCH_USER_PATHS = NO;
				CLANG_ANALYZER_NONNULL = YES;
				CLANG_ANALYZER_NUMBER_OBJECT_CONVERSION = YES_AGGRESSIVE;
				CLANG_CXX_LANGUAGE_STANDARD = "gnu++14";
				CLANG_CXX_LIBRARY = "libc++";
				CLANG_ENABLE_MODULES = YES;
				CLANG_ENABLE_OBJC_ARC = YES;
				CLANG_ENABLE_OBJC_WEAK = YES;
				CLANG_WARN_BLOCK_CAPTURE_AUTORELEASING = YES;
				CLANG_WARN_BOOL_CONVERSION = YES;
				CLANG_WARN_COMMA = YES;
				CLANG_WARN_CONSTANT_CONVERSION = YES;
				CLANG_WARN_DEPRECATED_OBJC_IMPLEMENTATIONS = YES;
				CLANG_WARN_DIRECT_OBJC_ISA_USAGE = YES_ERROR;
				CLANG_WARN_DOCUMENTATION_COMMENTS = YES;
				CLANG_WARN_EMPTY_BODY = YES;
				CLANG_WARN_ENUM_CONVERSION = YES;
				CLANG_WARN_INFINITE_RECURSION = YES;
				CLANG_WARN_INT_CONVERSION = YES;
				CLANG_WARN_NON_LITERAL_NULL_CONVERSION = YES;
				CLANG_WARN_OBJC_IMPLICIT_RETAIN_SELF = YES;
				CLANG_WARN_OBJC_LITERAL_CONVERSION = YES;
				CLANG_WARN_OBJC_ROOT_CLASS = YES_ERROR;
				CLANG_WARN_RANGE_LOOP_ANALYSIS = YES;
				CLANG_WARN_STRICT_PROTOTYPES = YES;
				CLANG_WARN_SUSPICIOUS_MOVE = YES;
				CLANG_WARN_UNGUARDED_AVAILABILITY = YES_AGGRESSIVE;
				CLANG_WARN_UNREACHABLE_CODE = YES;
				CLANG_WARN__DUPLICATE_METHOD_MATCH = YES;
				COPY_PHASE_STRIP = NO;
				DEBUG_INFORMATION_FORMAT = "dwarf-with-dsym";
				ENABLE_NS_ASSERTIONS = NO;
				ENABLE_STRICT_OBJC_MSGSEND = YES;
				GCC_C_LANGUAGE_STANDARD = gnu11;
				GCC_NO_COMMON_BLOCKS = YES;
				GCC_WARN_64_TO_32_BIT_CONVERSION = YES;
				GCC_WARN_ABOUT_RETURN_TYPE = YES_ERROR;
				GCC_WARN_UNDECLARED_SELECTOR = YES;
				GCC_WARN_UNINITIALIZED_AUTOS = YES_AGGRESSIVE;
				GCC_WARN_UNUSED_FUNCTION = YES;
				GCC_WARN_UNUSED_VARIABLE = YES;
				IPHONEOS_DEPLOYMENT_TARGET = 13.5;
				MTL_ENABLE_DEBUG_INFO = NO;
				MTL_FAST_MATH = YES;
				SDKROOT = iphoneos;
				SWIFT_COMPILATION_MODE = wholemodule;
				SWIFT_OPTIMIZATION_LEVEL = "-O";
				VALIDATE_PRODUCT = YES;
			};
			name = Release;
		};
		AC4F5B0424B4050B002F1698 /* Debug */ = {
			isa = XCBuildConfiguration;
			baseConfigurationReference = D37D71D0C930FD977852A2CE /* Pods-movieTender.debug.xcconfig */;
			buildSettings = {
				ASSETCATALOG_COMPILER_APPICON_NAME = AppIcon;
				CODE_SIGN_STYLE = Automatic;
				DEVELOPMENT_TEAM = 6P6T78SAL9;
				INFOPLIST_FILE = movieTender/Info.plist;
				LD_RUNPATH_SEARCH_PATHS = (
					"$(inherited)",
					"@executable_path/Frameworks",
				);
				PRODUCT_BUNDLE_IDENTIFIER = com.takafumiwao.movieTender;
				PRODUCT_NAME = "$(TARGET_NAME)";
				SWIFT_VERSION = 5.0;
				TARGETED_DEVICE_FAMILY = "1,2";
			};
			name = Debug;
		};
		AC4F5B0524B4050B002F1698 /* Release */ = {
			isa = XCBuildConfiguration;
			baseConfigurationReference = D1716E0702D456CC19F83F17 /* Pods-movieTender.release.xcconfig */;
			buildSettings = {
				ASSETCATALOG_COMPILER_APPICON_NAME = AppIcon;
				CODE_SIGN_STYLE = Automatic;
				DEVELOPMENT_TEAM = 6P6T78SAL9;
				INFOPLIST_FILE = movieTender/Info.plist;
				LD_RUNPATH_SEARCH_PATHS = (
					"$(inherited)",
					"@executable_path/Frameworks",
				);
				PRODUCT_BUNDLE_IDENTIFIER = com.takafumiwao.movieTender;
				PRODUCT_NAME = "$(TARGET_NAME)";
				SWIFT_VERSION = 5.0;
				TARGETED_DEVICE_FAMILY = "1,2";
			};
			name = Release;
		};
/* End XCBuildConfiguration section */

/* Begin XCConfigurationList section */
		AC4F5AEA24B40509002F1698 /* Build configuration list for PBXProject "movieTender" */ = {
			isa = XCConfigurationList;
			buildConfigurations = (
				AC4F5B0124B4050B002F1698 /* Debug */,
				AC4F5B0224B4050B002F1698 /* Release */,
			);
			defaultConfigurationIsVisible = 0;
			defaultConfigurationName = Release;
		};
		AC4F5B0324B4050B002F1698 /* Build configuration list for PBXNativeTarget "movieTender" */ = {
			isa = XCConfigurationList;
			buildConfigurations = (
				AC4F5B0424B4050B002F1698 /* Debug */,
				AC4F5B0524B4050B002F1698 /* Release */,
			);
			defaultConfigurationIsVisible = 0;
			defaultConfigurationName = Release;
		};
/* End XCConfigurationList section */
	};
	rootObject = AC4F5AE724B40509002F1698 /* Project object */;
}
